PODS:
  - ActionSheetPicker-3.0 (2.2.0)
  - Alamofire (2.0.2)
  - AlamofireImage (1.1.2):
    - Alamofire (~> 2.0)
  - Nimble (3.2.0)
  - Quick (0.9.0)
  - RxBlocking (2.6.0):
    - RxSwift (~> 2.5)
  - RxCocoa (2.6.0):
    - RxSwift (~> 2.5)
  - RxSwift (2.6.0)
  - RxTests (2.6.0):
    - RxSwift (~> 2.5)
  - SwiftDate (3.0.8)
  - SwiftLoader (0.2.5)
  - SwiftyJSON (2.3.2)

DEPENDENCIES:
  - ActionSheetPicker-3.0 (~> 2.2.0)
  - Alamofire (~> 2.0)
  - AlamofireImage (from `https://github.com/Alamofire/AlamofireImage.git`, tag `1.1.2`)
  - Nimble (from `https://github.com/TaemoonCho/Nimble.git`, tag `v3.2.1`)
  - Quick (from `https://github.com/Quick/Quick`, tag `v0.9.0`)
  - RxBlocking (~> 2.6)
  - RxCocoa (~> 2.6)
  - RxSwift (~> 2.6)
  - RxTests (~> 2.6)
  - SwiftDate
  - SwiftLoader
  - SwiftyJSON

EXTERNAL SOURCES:
  AlamofireImage:
    :git: https://github.com/Alamofire/AlamofireImage.git
    :tag: 1.1.2
  Nimble:
    :git: https://github.com/TaemoonCho/Nimble.git
    :tag: v3.2.1
  Quick:
    :git: https://github.com/Quick/Quick
    :tag: v0.9.0

CHECKOUT OPTIONS:
  AlamofireImage:
    :git: https://github.com/Alamofire/AlamofireImage.git
    :tag: 1.1.2
  Nimble:
    :git: https://github.com/TaemoonCho/Nimble.git
    :tag: v3.2.1
  Quick:
    :git: https://github.com/Quick/Quick
    :tag: v0.9.0

SPEC CHECKSUMS:
  ActionSheetPicker-3.0: d11a4c12c6aaf704b8a3f56d179198c99f3e41e6
  Alamofire: 8edbab00802a752bb5240cc2abe70e7e881488ad
  AlamofireImage: dc3d3de5d095fd9545b144ba8f6da5bfc539512a
  Nimble: 703854335d181df169bbca9c97117b5cf8c47c1d
  Quick: 332eb1da73125a2106dd637424c803f2ae97e4a9
  RxBlocking: f2e0a7e74d5e9d3029d2b1118e2af01f583fbdd8
  RxCocoa: 89ab00d5753502520227940e3a0e0a0413683c6b
  RxSwift: 77f3a0b15324baa7a1c9bfa9f199648a82424e26
  RxTests: cdcc379c70e80089a8bc2c99515223339d1c3b81
  SwiftDate: 971f8b9394f664f2226b9c3ab64e801a7291c612
  SwiftLoader: 12d7a6f661f5e9a2c9a72003e7dd6162f4ff0cc4
  SwiftyJSON: 04ccea08915aa0109039157c7974cf0298da292a

PODFILE CHECKSUM: 94aa242a3d6b833c93fefbf0d64efb8d698cefbd

COCOAPODS: 1.0.1
