PODS:
  - Nimble (3.2.0)
  - Quick (0.9.0)
  - SwiftDate (3.0.8)
  - SwiftyJSON (2.3.2)

DEPENDENCIES:
  - Nimble (from `https://github.com/TaemoonCho/Nimble.git`, tag `v3.2.1`)
  - Quick (from `https://github.com/Quick/Quick`, tag `v0.9.0`)
  - SwiftDate
  - SwiftyJSON

EXTERNAL SOURCES:
  Nimble:
    :git: https://github.com/TaemoonCho/Nimble.git
    :tag: v3.2.1
  Quick:
    :git: https://github.com/Quick/Quick
    :tag: v0.9.0

CHECKOUT OPTIONS:
  Nimble:
    :git: https://github.com/TaemoonCho/Nimble.git
    :tag: v3.2.1
  Quick:
    :git: https://github.com/Quick/Quick
    :tag: v0.9.0

SPEC CHECKSUMS:
  Nimble: 703854335d181df169bbca9c97117b5cf8c47c1d
  Quick: 332eb1da73125a2106dd637424c803f2ae97e4a9
  SwiftDate: 971f8b9394f664f2226b9c3ab64e801a7291c612
  SwiftyJSON: 04ccea08915aa0109039157c7974cf0298da292a

PODFILE CHECKSUM: a4a40c572d3ad2a48cd979555f2b1d145798a24a

COCOAPODS: 1.0.1
