// !$*UTF8*$!
{
	archiveVersion = 1;
	classes = {
	};
	objectVersion = 46;
	objects = {

/* Begin PBXBuildFile section */
		08EC1C48DBE45D4195C80B73 /* Pods_FlickrSlideAlbum.framework in Frameworks */ = {isa = PBXBuildFile; fileRef = 7402E2443D5E4DE96C1E8516 /* Pods_FlickrSlideAlbum.framework */; };
		730B596C1D6713C300BF1E72 /* String+JsonTests.swift in Sources */ = {isa = PBXBuildFile; fileRef = 730B596B1D6713C300BF1E72 /* String+JsonTests.swift */; };
		731A56CC1D69AAFD00547B72 /* ImageSliderViewController.swift in Sources */ = {isa = PBXBuildFile; fileRef = 731A56CB1D69AAFD00547B72 /* ImageSliderViewController.swift */; };
		734973E71D68509D003C0F41 /* Router.swift in Sources */ = {isa = PBXBuildFile; fileRef = 734973E61D68509D003C0F41 /* Router.swift */; };
		734973E81D6850AB003C0F41 /* Router.swift in Sources */ = {isa = PBXBuildFile; fileRef = 734973E61D68509D003C0F41 /* Router.swift */; };
		734973EA1D6878AF003C0F41 /* RouterTests.swift in Sources */ = {isa = PBXBuildFile; fileRef = 734973E91D6878AF003C0F41 /* RouterTests.swift */; };
		734973EC1D6878C2003C0F41 /* NetworkAgentTests.swift in Sources */ = {isa = PBXBuildFile; fileRef = 734973EB1D6878C2003C0F41 /* NetworkAgentTests.swift */; };
		735848C51D66F4C2005EE9EA /* AppDelegate.swift in Sources */ = {isa = PBXBuildFile; fileRef = 735848C41D66F4C2005EE9EA /* AppDelegate.swift */; };
		735848C71D66F4C2005EE9EA /* ViewController.swift in Sources */ = {isa = PBXBuildFile; fileRef = 735848C61D66F4C2005EE9EA /* ViewController.swift */; };
		735848CA1D66F4C2005EE9EA /* Main.storyboard in Resources */ = {isa = PBXBuildFile; fileRef = 735848C81D66F4C2005EE9EA /* Main.storyboard */; };
		735848CC1D66F4C2005EE9EA /* Assets.xcassets in Resources */ = {isa = PBXBuildFile; fileRef = 735848CB1D66F4C2005EE9EA /* Assets.xcassets */; };
		735848CF1D66F4C2005EE9EA /* LaunchScreen.storyboard in Resources */ = {isa = PBXBuildFile; fileRef = 735848CD1D66F4C2005EE9EA /* LaunchScreen.storyboard */; };
		735848F31D66F50F005EE9EA /* Feed.swift in Sources */ = {isa = PBXBuildFile; fileRef = 735848F21D66F50F005EE9EA /* Feed.swift */; };
		735848F41D66F50F005EE9EA /* Feed.swift in Sources */ = {isa = PBXBuildFile; fileRef = 735848F21D66F50F005EE9EA /* Feed.swift */; };
		735848F81D66FB91005EE9EA /* String+Json.swift in Sources */ = {isa = PBXBuildFile; fileRef = 735848F71D66FB91005EE9EA /* String+Json.swift */; };
		735848F91D66FB91005EE9EA /* String+Json.swift in Sources */ = {isa = PBXBuildFile; fileRef = 735848F71D66FB91005EE9EA /* String+Json.swift */; };
		735AA6791D69D3DC00DB2A15 /* UIView+Animation.swift in Sources */ = {isa = PBXBuildFile; fileRef = 735AA6781D69D3DC00DB2A15 /* UIView+Animation.swift */; };
		735AA67A1D69D44200DB2A15 /* UIView+Animation.swift in Sources */ = {isa = PBXBuildFile; fileRef = 735AA6781D69D3DC00DB2A15 /* UIView+Animation.swift */; };
		7361E6DC1D6846EF00A35796 /* NetworkAgent.swift in Sources */ = {isa = PBXBuildFile; fileRef = 7361E6DB1D6846EF00A35796 /* NetworkAgent.swift */; };
		7361E6DD1D68471000A35796 /* NetworkAgent.swift in Sources */ = {isa = PBXBuildFile; fileRef = 7361E6DB1D6846EF00A35796 /* NetworkAgent.swift */; };
		738DE9481D6764E600157C7D /* FeedTests.swift in Sources */ = {isa = PBXBuildFile; fileRef = 738DE9471D6764E600157C7D /* FeedTests.swift */; };
		73A5E4A31D68B0CD0048F5F3 /* FeedManager.swift in Sources */ = {isa = PBXBuildFile; fileRef = 73A5E4A21D68B0CD0048F5F3 /* FeedManager.swift */; };
		73A5E4A41D68B0CD0048F5F3 /* FeedManager.swift in Sources */ = {isa = PBXBuildFile; fileRef = 73A5E4A21D68B0CD0048F5F3 /* FeedManager.swift */; };
		73A5E4A61D69653C0048F5F3 /* FeedManagerTests.swift in Sources */ = {isa = PBXBuildFile; fileRef = 73A5E4A51D69653C0048F5F3 /* FeedManagerTests.swift */; };
		73D43F9F1D680E6E007CCC3A /* NSDate.swift in Sources */ = {isa = PBXBuildFile; fileRef = 73D43F9E1D680E6E007CCC3A /* NSDate.swift */; };
		73D43FA01D680E6E007CCC3A /* NSDate.swift in Sources */ = {isa = PBXBuildFile; fileRef = 73D43F9E1D680E6E007CCC3A /* NSDate.swift */; };
		FC3DAC3F0B1C27E1F1C7FEEE /* Pods_FlickrSlideAlbumTests.framework in Frameworks */ = {isa = PBXBuildFile; fileRef = 76CD8C60156E86C42F58C966 /* Pods_FlickrSlideAlbumTests.framework */; };
/* End PBXBuildFile section */

/* Begin PBXContainerItemProxy section */
		735848D61D66F4C2005EE9EA /* PBXContainerItemProxy */ = {
			isa = PBXContainerItemProxy;
			containerPortal = 735848B91D66F4C2005EE9EA /* Project object */;
			proxyType = 1;
			remoteGlobalIDString = 735848C01D66F4C2005EE9EA;
			remoteInfo = FlickrSlideAlbum;
		};
/* End PBXContainerItemProxy section */

/* Begin PBXFileReference section */
		1B2DE8BBC1011AE62C1D8EC7 /* Pods-FlickrSlideAlbumTests.debug.xcconfig */ = {isa = PBXFileReference; includeInIndex = 1; lastKnownFileType = text.xcconfig; name = "Pods-FlickrSlideAlbumTests.debug.xcconfig"; path = "Pods/Target Support Files/Pods-FlickrSlideAlbumTests/Pods-FlickrSlideAlbumTests.debug.xcconfig"; sourceTree = "<group>"; };
		3847250E17911C7DE02AF7BF /* Pods-FlickrSlideAlbumUITests.release.xcconfig */ = {isa = PBXFileReference; includeInIndex = 1; lastKnownFileType = text.xcconfig; name = "Pods-FlickrSlideAlbumUITests.release.xcconfig"; path = "Pods/Target Support Files/Pods-FlickrSlideAlbumUITests/Pods-FlickrSlideAlbumUITests.release.xcconfig"; sourceTree = "<group>"; };
		730B596B1D6713C300BF1E72 /* String+JsonTests.swift */ = {isa = PBXFileReference; fileEncoding = 4; lastKnownFileType = sourcecode.swift; path = "String+JsonTests.swift"; sourceTree = "<group>"; };
		731A56CB1D69AAFD00547B72 /* ImageSliderViewController.swift */ = {isa = PBXFileReference; fileEncoding = 4; lastKnownFileType = sourcecode.swift; path = ImageSliderViewController.swift; sourceTree = "<group>"; };
		734973E61D68509D003C0F41 /* Router.swift */ = {isa = PBXFileReference; fileEncoding = 4; lastKnownFileType = sourcecode.swift; path = Router.swift; sourceTree = "<group>"; };
		734973E91D6878AF003C0F41 /* RouterTests.swift */ = {isa = PBXFileReference; fileEncoding = 4; lastKnownFileType = sourcecode.swift; path = RouterTests.swift; sourceTree = "<group>"; };
		734973EB1D6878C2003C0F41 /* NetworkAgentTests.swift */ = {isa = PBXFileReference; fileEncoding = 4; lastKnownFileType = sourcecode.swift; path = NetworkAgentTests.swift; sourceTree = "<group>"; };
		735848C11D66F4C2005EE9EA /* FlickrSlideAlbum.app */ = {isa = PBXFileReference; explicitFileType = wrapper.application; includeInIndex = 0; path = FlickrSlideAlbum.app; sourceTree = BUILT_PRODUCTS_DIR; };
		735848C41D66F4C2005EE9EA /* AppDelegate.swift */ = {isa = PBXFileReference; lastKnownFileType = sourcecode.swift; path = AppDelegate.swift; sourceTree = "<group>"; };
		735848C61D66F4C2005EE9EA /* ViewController.swift */ = {isa = PBXFileReference; lastKnownFileType = sourcecode.swift; path = ViewController.swift; sourceTree = "<group>"; };
		735848C91D66F4C2005EE9EA /* Base */ = {isa = PBXFileReference; lastKnownFileType = file.storyboard; name = Base; path = Base.lproj/Main.storyboard; sourceTree = "<group>"; };
		735848CB1D66F4C2005EE9EA /* Assets.xcassets */ = {isa = PBXFileReference; lastKnownFileType = folder.assetcatalog; path = Assets.xcassets; sourceTree = "<group>"; };
		735848CE1D66F4C2005EE9EA /* Base */ = {isa = PBXFileReference; lastKnownFileType = file.storyboard; name = Base; path = Base.lproj/LaunchScreen.storyboard; sourceTree = "<group>"; };
		735848D01D66F4C2005EE9EA /* Info.plist */ = {isa = PBXFileReference; lastKnownFileType = text.plist.xml; path = Info.plist; sourceTree = "<group>"; };
		735848D51D66F4C2005EE9EA /* FlickrSlideAlbumTests.xctest */ = {isa = PBXFileReference; explicitFileType = wrapper.cfbundle; includeInIndex = 0; path = FlickrSlideAlbumTests.xctest; sourceTree = BUILT_PRODUCTS_DIR; };
		735848DB1D66F4C2005EE9EA /* Info.plist */ = {isa = PBXFileReference; lastKnownFileType = text.plist.xml; path = Info.plist; sourceTree = "<group>"; };
		735848E41D66F4C3005EE9EA /* FlickrSlideAlbumUITests.swift */ = {isa = PBXFileReference; lastKnownFileType = sourcecode.swift; path = FlickrSlideAlbumUITests.swift; sourceTree = "<group>"; };
		735848E61D66F4C3005EE9EA /* Info.plist */ = {isa = PBXFileReference; lastKnownFileType = text.plist.xml; path = Info.plist; sourceTree = "<group>"; };
		735848F21D66F50F005EE9EA /* Feed.swift */ = {isa = PBXFileReference; fileEncoding = 4; lastKnownFileType = sourcecode.swift; path = Feed.swift; sourceTree = "<group>"; };
		735848F71D66FB91005EE9EA /* String+Json.swift */ = {isa = PBXFileReference; fileEncoding = 4; lastKnownFileType = sourcecode.swift; path = "String+Json.swift"; sourceTree = "<group>"; };
		735AA6781D69D3DC00DB2A15 /* UIView+Animation.swift */ = {isa = PBXFileReference; fileEncoding = 4; lastKnownFileType = sourcecode.swift; path = "UIView+Animation.swift"; sourceTree = "<group>"; };
		7361E6DB1D6846EF00A35796 /* NetworkAgent.swift */ = {isa = PBXFileReference; fileEncoding = 4; lastKnownFileType = sourcecode.swift; path = NetworkAgent.swift; sourceTree = "<group>"; };
		7361FF601D670D8E0074EDAE /* Quick.framework */ = {isa = PBXFileReference; lastKnownFileType = wrapper.framework; name = Quick.framework; path = "Pods/../build/Debug-iphoneos/Quick/Quick.framework"; sourceTree = "<group>"; };
		7361FF621D670D960074EDAE /* Quick.framework */ = {isa = PBXFileReference; lastKnownFileType = wrapper.framework; name = Quick.framework; path = "Pods/../build/Debug-iphoneos/Quick/Quick.framework"; sourceTree = "<group>"; };
		738DE9471D6764E600157C7D /* FeedTests.swift */ = {isa = PBXFileReference; fileEncoding = 4; lastKnownFileType = sourcecode.swift; path = FeedTests.swift; sourceTree = "<group>"; };
		73A5E4A21D68B0CD0048F5F3 /* FeedManager.swift */ = {isa = PBXFileReference; fileEncoding = 4; lastKnownFileType = sourcecode.swift; path = FeedManager.swift; sourceTree = "<group>"; };
		73A5E4A51D69653C0048F5F3 /* FeedManagerTests.swift */ = {isa = PBXFileReference; fileEncoding = 4; lastKnownFileType = sourcecode.swift; path = FeedManagerTests.swift; sourceTree = "<group>"; };
		73D43F9E1D680E6E007CCC3A /* NSDate.swift */ = {isa = PBXFileReference; fileEncoding = 4; lastKnownFileType = sourcecode.swift; path = NSDate.swift; sourceTree = "<group>"; };
		7402E2443D5E4DE96C1E8516 /* Pods_FlickrSlideAlbum.framework */ = {isa = PBXFileReference; explicitFileType = wrapper.framework; includeInIndex = 0; path = Pods_FlickrSlideAlbum.framework; sourceTree = BUILT_PRODUCTS_DIR; };
		76CD8C60156E86C42F58C966 /* Pods_FlickrSlideAlbumTests.framework */ = {isa = PBXFileReference; explicitFileType = wrapper.framework; includeInIndex = 0; path = Pods_FlickrSlideAlbumTests.framework; sourceTree = BUILT_PRODUCTS_DIR; };
		9361F2AB802B04E7E710F734 /* Pods-FlickrSlideAlbumUITests.debug.xcconfig */ = {isa = PBXFileReference; includeInIndex = 1; lastKnownFileType = text.xcconfig; name = "Pods-FlickrSlideAlbumUITests.debug.xcconfig"; path = "Pods/Target Support Files/Pods-FlickrSlideAlbumUITests/Pods-FlickrSlideAlbumUITests.debug.xcconfig"; sourceTree = "<group>"; };
		99B6B9F1142AF09FBA0CBE5A /* Pods-FlickrSlideAlbum.release.xcconfig */ = {isa = PBXFileReference; includeInIndex = 1; lastKnownFileType = text.xcconfig; name = "Pods-FlickrSlideAlbum.release.xcconfig"; path = "Pods/Target Support Files/Pods-FlickrSlideAlbum/Pods-FlickrSlideAlbum.release.xcconfig"; sourceTree = "<group>"; };
		D463EDEC7C5795C3C59F43D7 /* Pods-FlickrSlideAlbum.debug.xcconfig */ = {isa = PBXFileReference; includeInIndex = 1; lastKnownFileType = text.xcconfig; name = "Pods-FlickrSlideAlbum.debug.xcconfig"; path = "Pods/Target Support Files/Pods-FlickrSlideAlbum/Pods-FlickrSlideAlbum.debug.xcconfig"; sourceTree = "<group>"; };
		DC8B786BC4243CD61554B9E8 /* Pods_FlickrSlideAlbumUITests.framework */ = {isa = PBXFileReference; explicitFileType = wrapper.framework; includeInIndex = 0; path = Pods_FlickrSlideAlbumUITests.framework; sourceTree = BUILT_PRODUCTS_DIR; };
		ED14E4EC0C04357FF9AD7572 /* Pods-FlickrSlideAlbumTests.release.xcconfig */ = {isa = PBXFileReference; includeInIndex = 1; lastKnownFileType = text.xcconfig; name = "Pods-FlickrSlideAlbumTests.release.xcconfig"; path = "Pods/Target Support Files/Pods-FlickrSlideAlbumTests/Pods-FlickrSlideAlbumTests.release.xcconfig"; sourceTree = "<group>"; };
/* End PBXFileReference section */

/* Begin PBXFrameworksBuildPhase section */
		735848BE1D66F4C2005EE9EA /* Frameworks */ = {
			isa = PBXFrameworksBuildPhase;
			buildActionMask = 2147483647;
			files = (
				08EC1C48DBE45D4195C80B73 /* Pods_FlickrSlideAlbum.framework in Frameworks */,
			);
			runOnlyForDeploymentPostprocessing = 0;
		};
		735848D21D66F4C2005EE9EA /* Frameworks */ = {
			isa = PBXFrameworksBuildPhase;
			buildActionMask = 2147483647;
			files = (
				FC3DAC3F0B1C27E1F1C7FEEE /* Pods_FlickrSlideAlbumTests.framework in Frameworks */,
			);
			runOnlyForDeploymentPostprocessing = 0;
		};
/* End PBXFrameworksBuildPhase section */

/* Begin PBXGroup section */
		73044EC21D683DDF00BAFE6F /* Network */ = {
			isa = PBXGroup;
			children = (
				7361E6DB1D6846EF00A35796 /* NetworkAgent.swift */,
				734973E61D68509D003C0F41 /* Router.swift */,
			);
			name = Network;
			sourceTree = "<group>";
		};
		735848B81D66F4C2005EE9EA = {
			isa = PBXGroup;
			children = (
				735848C31D66F4C2005EE9EA /* FlickrSlideAlbum */,
				735848D81D66F4C2005EE9EA /* FlickrSlideAlbumTests */,
				735848E31D66F4C2005EE9EA /* FlickrSlideAlbumUITests */,
				735848C21D66F4C2005EE9EA /* Products */,
				A4AB621ADB90FE572996CF90 /* Pods */,
				9A3510B6EFB3A11E80D5F371 /* Frameworks */,
			);
			sourceTree = "<group>";
		};
		735848C21D66F4C2005EE9EA /* Products */ = {
			isa = PBXGroup;
			children = (
				735848C11D66F4C2005EE9EA /* FlickrSlideAlbum.app */,
				735848D51D66F4C2005EE9EA /* FlickrSlideAlbumTests.xctest */,
			);
			name = Products;
			sourceTree = "<group>";
		};
		735848C31D66F4C2005EE9EA /* FlickrSlideAlbum */ = {
			isa = PBXGroup;
			children = (
				73A5E4A71D6995600048F5F3 /* ViewController */,
				73A5E4A11D68A2130048F5F3 /* Worker */,
				73044EC21D683DDF00BAFE6F /* Network */,
				735848F61D66FAF6005EE9EA /* Extension */,
				735848F51D66FAEF005EE9EA /* Model */,
				735848C81D66F4C2005EE9EA /* Main.storyboard */,
				735848C41D66F4C2005EE9EA /* AppDelegate.swift */,
				735848CB1D66F4C2005EE9EA /* Assets.xcassets */,
				735848CD1D66F4C2005EE9EA /* LaunchScreen.storyboard */,
				735848D01D66F4C2005EE9EA /* Info.plist */,
			);
			path = FlickrSlideAlbum;
			sourceTree = "<group>";
		};
		735848D81D66F4C2005EE9EA /* FlickrSlideAlbumTests */ = {
			isa = PBXGroup;
			children = (
				7361E6DA1D6846A400A35796 /* Network */,
				738DE9461D6764CB00157C7D /* Model */,
				736CE4021D6704B7007E2766 /* Extension */,
				735848DB1D66F4C2005EE9EA /* Info.plist */,
				73A5E4A51D69653C0048F5F3 /* FeedManagerTests.swift */,
			);
			path = FlickrSlideAlbumTests;
			sourceTree = "<group>";
		};
		735848E31D66F4C2005EE9EA /* FlickrSlideAlbumUITests */ = {
			isa = PBXGroup;
			children = (
				735848E41D66F4C3005EE9EA /* FlickrSlideAlbumUITests.swift */,
				735848E61D66F4C3005EE9EA /* Info.plist */,
			);
			path = FlickrSlideAlbumUITests;
			sourceTree = "<group>";
		};
		735848F51D66FAEF005EE9EA /* Model */ = {
			isa = PBXGroup;
			children = (
				735848F21D66F50F005EE9EA /* Feed.swift */,
			);
			name = Model;
			sourceTree = "<group>";
		};
		735848F61D66FAF6005EE9EA /* Extension */ = {
			isa = PBXGroup;
			children = (
				735848F71D66FB91005EE9EA /* String+Json.swift */,
				73D43F9E1D680E6E007CCC3A /* NSDate.swift */,
				735AA6781D69D3DC00DB2A15 /* UIView+Animation.swift */,
			);
			name = Extension;
			sourceTree = "<group>";
		};
		7361E6DA1D6846A400A35796 /* Network */ = {
			isa = PBXGroup;
			children = (
				734973E91D6878AF003C0F41 /* RouterTests.swift */,
				734973EB1D6878C2003C0F41 /* NetworkAgentTests.swift */,
			);
			name = Network;
			sourceTree = "<group>";
		};
		736CE4021D6704B7007E2766 /* Extension */ = {
			isa = PBXGroup;
			children = (
				730B596B1D6713C300BF1E72 /* String+JsonTests.swift */,
			);
			name = Extension;
			sourceTree = "<group>";
		};
		738DE9461D6764CB00157C7D /* Model */ = {
			isa = PBXGroup;
			children = (
				738DE9471D6764E600157C7D /* FeedTests.swift */,
			);
			name = Model;
			sourceTree = "<group>";
		};
		73A5E4A11D68A2130048F5F3 /* Worker */ = {
			isa = PBXGroup;
			children = (
				73A5E4A21D68B0CD0048F5F3 /* FeedManager.swift */,
			);
			name = Worker;
			sourceTree = "<group>";
		};
		73A5E4A71D6995600048F5F3 /* ViewController */ = {
			isa = PBXGroup;
			children = (
				735848C61D66F4C2005EE9EA /* ViewController.swift */,
				731A56CB1D69AAFD00547B72 /* ImageSliderViewController.swift */,
			);
			name = ViewController;
			sourceTree = "<group>";
		};
		9A3510B6EFB3A11E80D5F371 /* Frameworks */ = {
			isa = PBXGroup;
			children = (
				7361FF621D670D960074EDAE /* Quick.framework */,
				7361FF601D670D8E0074EDAE /* Quick.framework */,
				7402E2443D5E4DE96C1E8516 /* Pods_FlickrSlideAlbum.framework */,
				76CD8C60156E86C42F58C966 /* Pods_FlickrSlideAlbumTests.framework */,
				DC8B786BC4243CD61554B9E8 /* Pods_FlickrSlideAlbumUITests.framework */,
			);
			name = Frameworks;
			sourceTree = "<group>";
		};
		A4AB621ADB90FE572996CF90 /* Pods */ = {
			isa = PBXGroup;
			children = (
				D463EDEC7C5795C3C59F43D7 /* Pods-FlickrSlideAlbum.debug.xcconfig */,
				99B6B9F1142AF09FBA0CBE5A /* Pods-FlickrSlideAlbum.release.xcconfig */,
				1B2DE8BBC1011AE62C1D8EC7 /* Pods-FlickrSlideAlbumTests.debug.xcconfig */,
				ED14E4EC0C04357FF9AD7572 /* Pods-FlickrSlideAlbumTests.release.xcconfig */,
				9361F2AB802B04E7E710F734 /* Pods-FlickrSlideAlbumUITests.debug.xcconfig */,
				3847250E17911C7DE02AF7BF /* Pods-FlickrSlideAlbumUITests.release.xcconfig */,
			);
			name = Pods;
			sourceTree = "<group>";
		};
/* End PBXGroup section */

/* Begin PBXNativeTarget section */
		735848C01D66F4C2005EE9EA /* FlickrSlideAlbum */ = {
			isa = PBXNativeTarget;
			buildConfigurationList = 735848E91D66F4C3005EE9EA /* Build configuration list for PBXNativeTarget "FlickrSlideAlbum" */;
			buildPhases = (
				78C717D5BA4864E405803844 /* [CP] Check Pods Manifest.lock */,
				735848BD1D66F4C2005EE9EA /* Sources */,
				735848BE1D66F4C2005EE9EA /* Frameworks */,
				735848BF1D66F4C2005EE9EA /* Resources */,
				0B803323556B3EA629F4ED3A /* [CP] Embed Pods Frameworks */,
				6E8D5FFD1E123C4D24212A5E /* [CP] Copy Pods Resources */,
			);
			buildRules = (
			);
			dependencies = (
			);
			name = FlickrSlideAlbum;
			productName = FlickrSlideAlbum;
			productReference = 735848C11D66F4C2005EE9EA /* FlickrSlideAlbum.app */;
			productType = "com.apple.product-type.application";
		};
		735848D41D66F4C2005EE9EA /* FlickrSlideAlbumTests */ = {
			isa = PBXNativeTarget;
			buildConfigurationList = 735848EC1D66F4C3005EE9EA /* Build configuration list for PBXNativeTarget "FlickrSlideAlbumTests" */;
			buildPhases = (
				6FA36E2D32379F6AFFE49F1B /* [CP] Check Pods Manifest.lock */,
				735848D11D66F4C2005EE9EA /* Sources */,
				735848D21D66F4C2005EE9EA /* Frameworks */,
				735848D31D66F4C2005EE9EA /* Resources */,
				1C8B965765044BF7A980EC97 /* [CP] Embed Pods Frameworks */,
				A6BF7258E71C726A08F73C9C /* [CP] Copy Pods Resources */,
			);
			buildRules = (
			);
			dependencies = (
				735848D71D66F4C2005EE9EA /* PBXTargetDependency */,
			);
			name = FlickrSlideAlbumTests;
			productName = FlickrSlideAlbumTests;
			productReference = 735848D51D66F4C2005EE9EA /* FlickrSlideAlbumTests.xctest */;
			productType = "com.apple.product-type.bundle.unit-test";
		};
/* End PBXNativeTarget section */

/* Begin PBXProject section */
		735848B91D66F4C2005EE9EA /* Project object */ = {
			isa = PBXProject;
			attributes = {
				LastSwiftUpdateCheck = 0720;
				LastUpgradeCheck = 0720;
				ORGANIZATIONNAME = HyperConnect;
				TargetAttributes = {
					735848C01D66F4C2005EE9EA = {
						CreatedOnToolsVersion = 7.2.1;
					};
					735848D41D66F4C2005EE9EA = {
						CreatedOnToolsVersion = 7.2.1;
						TestTargetID = 735848C01D66F4C2005EE9EA;
					};
				};
			};
			buildConfigurationList = 735848BC1D66F4C2005EE9EA /* Build configuration list for PBXProject "FlickrSlideAlbum" */;
			compatibilityVersion = "Xcode 3.2";
			developmentRegion = English;
			hasScannedForEncodings = 0;
			knownRegions = (
				en,
				Base,
			);
			mainGroup = 735848B81D66F4C2005EE9EA;
			productRefGroup = 735848C21D66F4C2005EE9EA /* Products */;
			projectDirPath = "";
			projectRoot = "";
			targets = (
				735848C01D66F4C2005EE9EA /* FlickrSlideAlbum */,
				735848D41D66F4C2005EE9EA /* FlickrSlideAlbumTests */,
			);
		};
/* End PBXProject section */

/* Begin PBXResourcesBuildPhase section */
		735848BF1D66F4C2005EE9EA /* Resources */ = {
			isa = PBXResourcesBuildPhase;
			buildActionMask = 2147483647;
			files = (
				735848CF1D66F4C2005EE9EA /* LaunchScreen.storyboard in Resources */,
				735848CC1D66F4C2005EE9EA /* Assets.xcassets in Resources */,
				735848CA1D66F4C2005EE9EA /* Main.storyboard in Resources */,
			);
			runOnlyForDeploymentPostprocessing = 0;
		};
		735848D31D66F4C2005EE9EA /* Resources */ = {
			isa = PBXResourcesBuildPhase;
			buildActionMask = 2147483647;
			files = (
			);
			runOnlyForDeploymentPostprocessing = 0;
		};
/* End PBXResourcesBuildPhase section */

/* Begin PBXShellScriptBuildPhase section */
		0B803323556B3EA629F4ED3A /* [CP] Embed Pods Frameworks */ = {
			isa = PBXShellScriptBuildPhase;
			buildActionMask = 2147483647;
			files = (
			);
			inputPaths = (
			);
			name = "[CP] Embed Pods Frameworks";
			outputPaths = (
			);
			runOnlyForDeploymentPostprocessing = 0;
			shellPath = /bin/sh;
			shellScript = "\"${SRCROOT}/Pods/Target Support Files/Pods-FlickrSlideAlbum/Pods-FlickrSlideAlbum-frameworks.sh\"\n";
			showEnvVarsInLog = 0;
		};
		1C8B965765044BF7A980EC97 /* [CP] Embed Pods Frameworks */ = {
			isa = PBXShellScriptBuildPhase;
			buildActionMask = 2147483647;
			files = (
			);
			inputPaths = (
			);
			name = "[CP] Embed Pods Frameworks";
			outputPaths = (
			);
			runOnlyForDeploymentPostprocessing = 0;
			shellPath = /bin/sh;
			shellScript = "\"${SRCROOT}/Pods/Target Support Files/Pods-FlickrSlideAlbumTests/Pods-FlickrSlideAlbumTests-frameworks.sh\"\n";
			showEnvVarsInLog = 0;
		};
		6E8D5FFD1E123C4D24212A5E /* [CP] Copy Pods Resources */ = {
			isa = PBXShellScriptBuildPhase;
			buildActionMask = 2147483647;
			files = (
			);
			inputPaths = (
			);
			name = "[CP] Copy Pods Resources";
			outputPaths = (
			);
			runOnlyForDeploymentPostprocessing = 0;
			shellPath = /bin/sh;
			shellScript = "\"${SRCROOT}/Pods/Target Support Files/Pods-FlickrSlideAlbum/Pods-FlickrSlideAlbum-resources.sh\"\n";
			showEnvVarsInLog = 0;
		};
		6FA36E2D32379F6AFFE49F1B /* [CP] Check Pods Manifest.lock */ = {
			isa = PBXShellScriptBuildPhase;
			buildActionMask = 2147483647;
			files = (
			);
			inputPaths = (
			);
			name = "[CP] Check Pods Manifest.lock";
			outputPaths = (
			);
			runOnlyForDeploymentPostprocessing = 0;
			shellPath = /bin/sh;
			shellScript = "diff \"${PODS_ROOT}/../Podfile.lock\" \"${PODS_ROOT}/Manifest.lock\" > /dev/null\nif [[ $? != 0 ]] ; then\n    cat << EOM\nerror: The sandbox is not in sync with the Podfile.lock. Run 'pod install' or update your CocoaPods installation.\nEOM\n    exit 1\nfi\n";
			showEnvVarsInLog = 0;
		};
		78C717D5BA4864E405803844 /* [CP] Check Pods Manifest.lock */ = {
			isa = PBXShellScriptBuildPhase;
			buildActionMask = 2147483647;
			files = (
			);
			inputPaths = (
			);
			name = "[CP] Check Pods Manifest.lock";
			outputPaths = (
			);
			runOnlyForDeploymentPostprocessing = 0;
			shellPath = /bin/sh;
			shellScript = "diff \"${PODS_ROOT}/../Podfile.lock\" \"${PODS_ROOT}/Manifest.lock\" > /dev/null\nif [[ $? != 0 ]] ; then\n    cat << EOM\nerror: The sandbox is not in sync with the Podfile.lock. Run 'pod install' or update your CocoaPods installation.\nEOM\n    exit 1\nfi\n";
			showEnvVarsInLog = 0;
		};
		A6BF7258E71C726A08F73C9C /* [CP] Copy Pods Resources */ = {
			isa = PBXShellScriptBuildPhase;
			buildActionMask = 2147483647;
			files = (
			);
			inputPaths = (
			);
			name = "[CP] Copy Pods Resources";
			outputPaths = (
			);
			runOnlyForDeploymentPostprocessing = 0;
			shellPath = /bin/sh;
			shellScript = "\"${SRCROOT}/Pods/Target Support Files/Pods-FlickrSlideAlbumTests/Pods-FlickrSlideAlbumTests-resources.sh\"\n";
			showEnvVarsInLog = 0;
		};
/* End PBXShellScriptBuildPhase section */

/* Begin PBXSourcesBuildPhase section */
		735848BD1D66F4C2005EE9EA /* Sources */ = {
			isa = PBXSourcesBuildPhase;
			buildActionMask = 2147483647;
			files = (
				735848F81D66FB91005EE9EA /* String+Json.swift in Sources */,
				735848C71D66F4C2005EE9EA /* ViewController.swift in Sources */,
				7361E6DC1D6846EF00A35796 /* NetworkAgent.swift in Sources */,
				73A5E4A31D68B0CD0048F5F3 /* FeedManager.swift in Sources */,
				734973E71D68509D003C0F41 /* Router.swift in Sources */,
				735848F31D66F50F005EE9EA /* Feed.swift in Sources */,
				735848C51D66F4C2005EE9EA /* AppDelegate.swift in Sources */,
				735AA6791D69D3DC00DB2A15 /* UIView+Animation.swift in Sources */,
				73D43F9F1D680E6E007CCC3A /* NSDate.swift in Sources */,
				731A56CC1D69AAFD00547B72 /* ImageSliderViewController.swift in Sources */,
			);
			runOnlyForDeploymentPostprocessing = 0;
		};
		735848D11D66F4C2005EE9EA /* Sources */ = {
			isa = PBXSourcesBuildPhase;
			buildActionMask = 2147483647;
			files = (
				734973EC1D6878C2003C0F41 /* NetworkAgentTests.swift in Sources */,
				73A5E4A41D68B0CD0048F5F3 /* FeedManager.swift in Sources */,
				734973EA1D6878AF003C0F41 /* RouterTests.swift in Sources */,
				735AA67A1D69D44200DB2A15 /* UIView+Animation.swift in Sources */,
				730B596C1D6713C300BF1E72 /* String+JsonTests.swift in Sources */,
				73A5E4A61D69653C0048F5F3 /* FeedManagerTests.swift in Sources */,
				738DE9481D6764E600157C7D /* FeedTests.swift in Sources */,
				7361E6DD1D68471000A35796 /* NetworkAgent.swift in Sources */,
				734973E81D6850AB003C0F41 /* Router.swift in Sources */,
				735848F91D66FB91005EE9EA /* String+Json.swift in Sources */,
				73D43FA01D680E6E007CCC3A /* NSDate.swift in Sources */,
				735848F41D66F50F005EE9EA /* Feed.swift in Sources */,
			);
			runOnlyForDeploymentPostprocessing = 0;
		};
/* End PBXSourcesBuildPhase section */

/* Begin PBXTargetDependency section */
		735848D71D66F4C2005EE9EA /* PBXTargetDependency */ = {
			isa = PBXTargetDependency;
			target = 735848C01D66F4C2005EE9EA /* FlickrSlideAlbum */;
			targetProxy = 735848D61D66F4C2005EE9EA /* PBXContainerItemProxy */;
		};
/* End PBXTargetDependency section */

/* Begin PBXVariantGroup section */
		735848C81D66F4C2005EE9EA /* Main.storyboard */ = {
			isa = PBXVariantGroup;
			children = (
				735848C91D66F4C2005EE9EA /* Base */,
			);
			name = Main.storyboard;
			sourceTree = "<group>";
		};
		735848CD1D66F4C2005EE9EA /* LaunchScreen.storyboard */ = {
			isa = PBXVariantGroup;
			children = (
				735848CE1D66F4C2005EE9EA /* Base */,
			);
			name = LaunchScreen.storyboard;
			sourceTree = "<group>";
		};
/* End PBXVariantGroup section */

/* Begin XCBuildConfiguration section */
		735848E71D66F4C3005EE9EA /* Debug */ = {
			isa = XCBuildConfiguration;
			buildSettings = {
				ALWAYS_SEARCH_USER_PATHS = NO;
				CLANG_CXX_LANGUAGE_STANDARD = "gnu++0x";
				CLANG_CXX_LIBRARY = "libc++";
				CLANG_ENABLE_MODULES = YES;
				CLANG_ENABLE_OBJC_ARC = YES;
				CLANG_WARN_BOOL_CONVERSION = YES;
				CLANG_WARN_CONSTANT_CONVERSION = YES;
				CLANG_WARN_DIRECT_OBJC_ISA_USAGE = YES_ERROR;
				CLANG_WARN_EMPTY_BODY = YES;
				CLANG_WARN_ENUM_CONVERSION = YES;
				CLANG_WARN_INT_CONVERSION = YES;
				CLANG_WARN_OBJC_ROOT_CLASS = YES_ERROR;
				CLANG_WARN_UNREACHABLE_CODE = YES;
				CLANG_WARN__DUPLICATE_METHOD_MATCH = YES;
				"CODE_SIGN_IDENTITY[sdk=iphoneos*]" = "iPhone Developer";
				COPY_PHASE_STRIP = NO;
				DEBUG_INFORMATION_FORMAT = dwarf;
				ENABLE_STRICT_OBJC_MSGSEND = YES;
				ENABLE_TESTABILITY = YES;
				GCC_C_LANGUAGE_STANDARD = gnu99;
				GCC_DYNAMIC_NO_PIC = NO;
				GCC_NO_COMMON_BLOCKS = YES;
				GCC_OPTIMIZATION_LEVEL = 0;
				GCC_PREPROCESSOR_DEFINITIONS = (
					"DEBUG=1",
					"$(inherited)",
				);
				GCC_WARN_64_TO_32_BIT_CONVERSION = YES;
				GCC_WARN_ABOUT_RETURN_TYPE = YES_ERROR;
				GCC_WARN_UNDECLARED_SELECTOR = YES;
				GCC_WARN_UNINITIALIZED_AUTOS = YES_AGGRESSIVE;
				GCC_WARN_UNUSED_FUNCTION = YES;
				GCC_WARN_UNUSED_VARIABLE = YES;
				IPHONEOS_DEPLOYMENT_TARGET = 9.2;
				MTL_ENABLE_DEBUG_INFO = YES;
				ONLY_ACTIVE_ARCH = NO;
				SDKROOT = iphoneos;
				SWIFT_OPTIMIZATION_LEVEL = "-Onone";
				TARGETED_DEVICE_FAMILY = "1,2";
			};
			name = Debug;
		};
		735848E81D66F4C3005EE9EA /* Release */ = {
			isa = XCBuildConfiguration;
			buildSettings = {
				ALWAYS_SEARCH_USER_PATHS = NO;
				CLANG_CXX_LANGUAGE_STANDARD = "gnu++0x";
				CLANG_CXX_LIBRARY = "libc++";
				CLANG_ENABLE_MODULES = YES;
				CLANG_ENABLE_OBJC_ARC = YES;
				CLANG_WARN_BOOL_CONVERSION = YES;
				CLANG_WARN_CONSTANT_CONVERSION = YES;
				CLANG_WARN_DIRECT_OBJC_ISA_USAGE = YES_ERROR;
				CLANG_WARN_EMPTY_BODY = YES;
				CLANG_WARN_ENUM_CONVERSION = YES;
				CLANG_WARN_INT_CONVERSION = YES;
				CLANG_WARN_OBJC_ROOT_CLASS = YES_ERROR;
				CLANG_WARN_UNREACHABLE_CODE = YES;
				CLANG_WARN__DUPLICATE_METHOD_MATCH = YES;
				"CODE_SIGN_IDENTITY[sdk=iphoneos*]" = "iPhone Developer";
				COPY_PHASE_STRIP = NO;
				DEBUG_INFORMATION_FORMAT = "dwarf-with-dsym";
				ENABLE_NS_ASSERTIONS = NO;
				ENABLE_STRICT_OBJC_MSGSEND = YES;
				GCC_C_LANGUAGE_STANDARD = gnu99;
				GCC_NO_COMMON_BLOCKS = YES;
				GCC_WARN_64_TO_32_BIT_CONVERSION = YES;
				GCC_WARN_ABOUT_RETURN_TYPE = YES_ERROR;
				GCC_WARN_UNDECLARED_SELECTOR = YES;
				GCC_WARN_UNINITIALIZED_AUTOS = YES_AGGRESSIVE;
				GCC_WARN_UNUSED_FUNCTION = YES;
				GCC_WARN_UNUSED_VARIABLE = YES;
				IPHONEOS_DEPLOYMENT_TARGET = 9.2;
				MTL_ENABLE_DEBUG_INFO = NO;
				ONLY_ACTIVE_ARCH = NO;
				SDKROOT = iphoneos;
				TARGETED_DEVICE_FAMILY = "1,2";
				VALIDATE_PRODUCT = YES;
			};
			name = Release;
		};
		735848EA1D66F4C3005EE9EA /* Debug */ = {
			isa = XCBuildConfiguration;
			baseConfigurationReference = D463EDEC7C5795C3C59F43D7 /* Pods-FlickrSlideAlbum.debug.xcconfig */;
			buildSettings = {
				ASSETCATALOG_COMPILER_APPICON_NAME = AppIcon;
				INFOPLIST_FILE = FlickrSlideAlbum/Info.plist;
				LD_RUNPATH_SEARCH_PATHS = "$(inherited) @executable_path/Frameworks";
				PRODUCT_BUNDLE_IDENTIFIER = TaemoonJo.FlickrSlideAlbum;
				PRODUCT_NAME = "$(TARGET_NAME)";
			};
			name = Debug;
		};
		735848EB1D66F4C3005EE9EA /* Release */ = {
			isa = XCBuildConfiguration;
			baseConfigurationReference = 99B6B9F1142AF09FBA0CBE5A /* Pods-FlickrSlideAlbum.release.xcconfig */;
			buildSettings = {
				ASSETCATALOG_COMPILER_APPICON_NAME = AppIcon;
				INFOPLIST_FILE = FlickrSlideAlbum/Info.plist;
				LD_RUNPATH_SEARCH_PATHS = "$(inherited) @executable_path/Frameworks";
				PRODUCT_BUNDLE_IDENTIFIER = TaemoonJo.FlickrSlideAlbum;
				PRODUCT_NAME = "$(TARGET_NAME)";
			};
			name = Release;
		};
		735848ED1D66F4C3005EE9EA /* Debug */ = {
			isa = XCBuildConfiguration;
			baseConfigurationReference = 1B2DE8BBC1011AE62C1D8EC7 /* Pods-FlickrSlideAlbumTests.debug.xcconfig */;
			buildSettings = {
				BUNDLE_LOADER = "$(TEST_HOST)";
				FRAMEWORK_SEARCH_PATHS = (
					"$(inherited)",
					"$(PROJECT_DIR)/build/Debug-iphoneos/Quick",
				);
				INFOPLIST_FILE = FlickrSlideAlbumTests/Info.plist;
				LD_RUNPATH_SEARCH_PATHS = "$(inherited) @executable_path/Frameworks @loader_path/Frameworks";
				PRODUCT_BUNDLE_IDENTIFIER = TaemoonJo.FlickrSlideAlbumTests;
				PRODUCT_NAME = "$(TARGET_NAME)";
				TEST_HOST = "$(BUILT_PRODUCTS_DIR)/FlickrSlideAlbum.app/FlickrSlideAlbum";
			};
			name = Debug;
		};
		735848EE1D66F4C3005EE9EA /* Release */ = {
			isa = XCBuildConfiguration;
			baseConfigurationReference = ED14E4EC0C04357FF9AD7572 /* Pods-FlickrSlideAlbumTests.release.xcconfig */;
			buildSettings = {
				BUNDLE_LOADER = "$(TEST_HOST)";
				FRAMEWORK_SEARCH_PATHS = (
					"$(inherited)",
					"$(PROJECT_DIR)/build/Debug-iphoneos/Quick",
				);
				INFOPLIST_FILE = FlickrSlideAlbumTests/Info.plist;
				LD_RUNPATH_SEARCH_PATHS = "$(inherited) @executable_path/Frameworks @loader_path/Frameworks";
				PRODUCT_BUNDLE_IDENTIFIER = TaemoonJo.FlickrSlideAlbumTests;
				PRODUCT_NAME = "$(TARGET_NAME)";
				TEST_HOST = "$(BUILT_PRODUCTS_DIR)/FlickrSlideAlbum.app/FlickrSlideAlbum";
			};
			name = Release;
		};
/* End XCBuildConfiguration section */

/* Begin XCConfigurationList section */
		735848BC1D66F4C2005EE9EA /* Build configuration list for PBXProject "FlickrSlideAlbum" */ = {
			isa = XCConfigurationList;
			buildConfigurations = (
				735848E71D66F4C3005EE9EA /* Debug */,
				735848E81D66F4C3005EE9EA /* Release */,
			);
			defaultConfigurationIsVisible = 0;
			defaultConfigurationName = Release;
		};
		735848E91D66F4C3005EE9EA /* Build configuration list for PBXNativeTarget "FlickrSlideAlbum" */ = {
			isa = XCConfigurationList;
			buildConfigurations = (
				735848EA1D66F4C3005EE9EA /* Debug */,
				735848EB1D66F4C3005EE9EA /* Release */,
			);
			defaultConfigurationIsVisible = 0;
			defaultConfigurationName = Release;
		};
		735848EC1D66F4C3005EE9EA /* Build configuration list for PBXNativeTarget "FlickrSlideAlbumTests" */ = {
			isa = XCConfigurationList;
			buildConfigurations = (
				735848ED1D66F4C3005EE9EA /* Debug */,
				735848EE1D66F4C3005EE9EA /* Release */,
			);
			defaultConfigurationIsVisible = 0;
			defaultConfigurationName = Release;
		};
/* End XCConfigurationList section */
	};
	rootObject = 735848B91D66F4C2005EE9EA /* Project object */;
}
